{
  "version": 4,
  "terraform_version": "1.9.8",
  "serial": 9,
  "lineage": "b94ce842-d74a-95da-ddf2-30ae5d1dbf57",
  "outputs": {},
  "resources": [
    {
      "module": "module.custom_networking",
      "mode": "managed",
      "type": "google_compute_firewall",
      "name": "firewalls",
      "provider": "provider[\"registry.terraform.io/hashicorp/google\"]",
      "instances": [
        {
          "index_key": 0,
          "schema_version": 1,
          "attributes": {
            "allow": [
              {
                "ports": [
                  "22",
                  "5432"
                ],
                "protocol": "tcp"
              }
            ],
            "creation_timestamp": "2024-11-30T11:56:43.494-08:00",
            "deny": [],
            "description": "",
            "destination_ranges": [],
            "direction": "INGRESS",
            "disabled": false,
            "enable_logging": null,
            "id": "projects/edstem-task/global/firewalls/eds-devops-task-ssh-allow-fw",
            "log_config": [
              {
                "metadata": "INCLUDE_ALL_METADATA"
              }
            ],
            "name": "eds-devops-task-ssh-allow-fw",
            "network": "https://www.googleapis.com/compute/v1/projects/edstem-task/global/networks/eds-devops-task-vpc",
            "priority": 1000,
            "project": "edstem-task",
            "self_link": "https://www.googleapis.com/compute/v1/projects/edstem-task/global/firewalls/eds-devops-task-ssh-allow-fw",
            "source_ranges": [
              "0.0.0.0/0"
            ],
            "source_service_accounts": null,
            "source_tags": null,
            "target_service_accounts": null,
            "target_tags": null,
            "timeouts": null
          },
          "sensitive_attributes": [],
          "private": "eyJlMmJmYjczMC1lY2FhLTExZTYtOGY4OC0zNDM2M2JjN2M0YzAiOnsiY3JlYXRlIjoxMjAwMDAwMDAwMDAwLCJkZWxldGUiOjEyMDAwMDAwMDAwMDAsInVwZGF0ZSI6MTIwMDAwMDAwMDAwMH0sInNjaGVtYV92ZXJzaW9uIjoiMSJ9",
          "dependencies": [
            "module.custom_networking.google_compute_network.custom_vpc"
          ]
        }
      ]
    },
    {
      "module": "module.custom_networking",
      "mode": "managed",
      "type": "google_compute_network",
      "name": "custom_vpc",
      "provider": "provider[\"registry.terraform.io/hashicorp/google\"]",
      "instances": [
        {
          "schema_version": 0,
          "attributes": {
            "auto_create_subnetworks": false,
            "delete_default_routes_on_create": false,
            "description": "",
            "enable_ula_internal_ipv6": false,
            "gateway_ipv4": "",
            "id": "projects/edstem-task/global/networks/eds-devops-task-vpc",
            "internal_ipv6_range": "",
            "mtu": 1460,
            "name": "eds-devops-task-vpc",
            "network_firewall_policy_enforcement_order": "AFTER_CLASSIC_FIREWALL",
            "numeric_id": "4756394331720831755",
            "project": "edstem-task",
            "routing_mode": "REGIONAL",
            "self_link": "https://www.googleapis.com/compute/v1/projects/edstem-task/global/networks/eds-devops-task-vpc",
            "timeouts": null
          },
          "sensitive_attributes": [],
          "private": "eyJlMmJmYjczMC1lY2FhLTExZTYtOGY4OC0zNDM2M2JjN2M0YzAiOnsiY3JlYXRlIjoxMjAwMDAwMDAwMDAwLCJkZWxldGUiOjEyMDAwMDAwMDAwMDAsInVwZGF0ZSI6MTIwMDAwMDAwMDAwMH19"
        }
      ]
    },
    {
      "module": "module.custom_networking",
      "mode": "managed",
      "type": "google_compute_router",
      "name": "route_table",
      "provider": "provider[\"registry.terraform.io/hashicorp/google\"]",
      "instances": [
        {
          "schema_version": 0,
          "attributes": {
            "bgp": [],
            "creation_timestamp": "2024-11-30T11:57:00.210-08:00",
            "description": "",
            "encrypted_interconnect_router": false,
            "id": "projects/edstem-task/regions/europe-central2/routers/eds-devops-task-rtr",
            "name": "eds-devops-task-rtr",
            "network": "https://www.googleapis.com/compute/v1/projects/edstem-task/global/networks/eds-devops-task-vpc",
            "project": "edstem-task",
            "region": "europe-central2",
            "self_link": "https://www.googleapis.com/compute/v1/projects/edstem-task/regions/europe-central2/routers/eds-devops-task-rtr",
            "timeouts": null
          },
          "sensitive_attributes": [],
          "private": "eyJlMmJmYjczMC1lY2FhLTExZTYtOGY4OC0zNDM2M2JjN2M0YzAiOnsiY3JlYXRlIjoxMjAwMDAwMDAwMDAwLCJkZWxldGUiOjEyMDAwMDAwMDAwMDAsInVwZGF0ZSI6MTIwMDAwMDAwMDAwMH19",
          "dependencies": [
            "module.custom_networking.google_compute_network.custom_vpc",
            "module.custom_networking.google_compute_subnetwork.subnets"
          ]
        }
      ]
    },
    {
      "module": "module.custom_networking",
      "mode": "managed",
      "type": "google_compute_router_nat",
      "name": "nat_gateway",
      "provider": "provider[\"registry.terraform.io/hashicorp/google\"]",
      "instances": [
        {
          "schema_version": 0,
          "attributes": {
            "auto_network_tier": "PREMIUM",
            "drain_nat_ips": [],
            "enable_dynamic_port_allocation": false,
            "enable_endpoint_independent_mapping": false,
            "endpoint_types": [
              "ENDPOINT_TYPE_VM"
            ],
            "icmp_idle_timeout_sec": 30,
            "id": "edstem-task/europe-central2/eds-devops-task-rtr/eds-devops-task-nat",
            "initial_nat_ips": null,
            "log_config": [
              {
                "enable": true,
                "filter": "ERRORS_ONLY"
              }
            ],
            "max_ports_per_vm": 0,
            "min_ports_per_vm": 0,
            "name": "eds-devops-task-nat",
            "nat_ip_allocate_option": "AUTO_ONLY",
            "nat_ips": [],
            "project": "edstem-task",
            "region": "europe-central2",
            "router": "eds-devops-task-rtr",
            "rules": [],
            "source_subnetwork_ip_ranges_to_nat": "ALL_SUBNETWORKS_ALL_IP_RANGES",
            "subnetwork": [],
            "tcp_established_idle_timeout_sec": 1200,
            "tcp_time_wait_timeout_sec": 120,
            "tcp_transitory_idle_timeout_sec": 30,
            "timeouts": null,
            "udp_idle_timeout_sec": 30
          },
          "sensitive_attributes": [],
          "private": "eyJlMmJmYjczMC1lY2FhLTExZTYtOGY4OC0zNDM2M2JjN2M0YzAiOnsiY3JlYXRlIjoxMjAwMDAwMDAwMDAwLCJkZWxldGUiOjEyMDAwMDAwMDAwMDAsInVwZGF0ZSI6MTIwMDAwMDAwMDAwMH19",
          "dependencies": [
            "module.custom_networking.google_compute_network.custom_vpc",
            "module.custom_networking.google_compute_router.route_table",
            "module.custom_networking.google_compute_subnetwork.subnets"
          ]
        }
      ]
    },
    {
      "module": "module.custom_networking",
      "mode": "managed",
      "type": "google_compute_subnetwork",
      "name": "subnets",
      "provider": "provider[\"registry.terraform.io/hashicorp/google\"]",
      "instances": [
        {
          "index_key": 0,
          "schema_version": 0,
          "attributes": {
            "creation_timestamp": "2024-11-30T11:56:45.317-08:00",
            "description": "",
            "external_ipv6_prefix": "",
            "fingerprint": null,
            "gateway_address": "10.100.1.1",
            "id": "projects/edstem-task/regions/europe-central2/subnetworks/eds-devops-task-subnet-01",
            "internal_ipv6_prefix": "",
            "ip_cidr_range": "10.100.1.0/24",
            "ipv6_access_type": "",
            "ipv6_cidr_range": "",
            "log_config": [
              {
                "aggregation_interval": "INTERVAL_5_SEC",
                "filter_expr": "true",
                "flow_sampling": 0.5,
                "metadata": "INCLUDE_ALL_METADATA",
                "metadata_fields": null
              }
            ],
            "name": "eds-devops-task-subnet-01",
            "network": "https://www.googleapis.com/compute/v1/projects/edstem-task/global/networks/eds-devops-task-vpc",
            "private_ip_google_access": true,
            "private_ipv6_google_access": "DISABLE_GOOGLE_ACCESS",
            "project": "edstem-task",
            "purpose": "PRIVATE",
            "region": "europe-central2",
            "reserved_internal_range": "",
            "role": "",
            "secondary_ip_range": [],
            "self_link": "https://www.googleapis.com/compute/v1/projects/edstem-task/regions/europe-central2/subnetworks/eds-devops-task-subnet-01",
            "send_secondary_ip_range_if_empty": null,
            "stack_type": "IPV4_ONLY",
            "timeouts": null
          },
          "sensitive_attributes": [],
          "private": "eyJlMmJmYjczMC1lY2FhLTExZTYtOGY4OC0zNDM2M2JjN2M0YzAiOnsiY3JlYXRlIjoxMjAwMDAwMDAwMDAwLCJkZWxldGUiOjEyMDAwMDAwMDAwMDAsInVwZGF0ZSI6MTIwMDAwMDAwMDAwMH19",
          "dependencies": [
            "module.custom_networking.google_compute_network.custom_vpc"
          ]
        }
      ]
    },
    {
      "module": "module.gke_roles_sa_bindings_tfvars",
      "mode": "managed",
      "type": "google_project_iam_member",
      "name": "service_account_roles",
      "provider": "provider[\"registry.terraform.io/hashicorp/google\"]",
      "instances": [
        {
          "index_key": "roles/owner",
          "schema_version": 0,
          "attributes": {
            "condition": [],
            "etag": "BwYoJra2lrA=",
            "id": "edstem-task/roles/owner/serviceAccount:edstem-terrafrom@edstem-task.iam.gserviceaccount.com",
            "member": "serviceAccount:edstem-terrafrom@edstem-task.iam.gserviceaccount.com",
            "project": "edstem-task",
            "role": "roles/owner"
          },
          "sensitive_attributes": [],
          "private": "bnVsbA==",
          "dependencies": [
            "module.service_accounts_tfvars.google_service_account.service_accounts_tfvars"
          ]
        }
      ]
    },
    {
      "module": "module.kubernetes_cluster",
      "mode": "managed",
      "type": "google_container_cluster",
      "name": "kubernetes_clusters",
      "provider": "provider[\"registry.terraform.io/hashicorp/google\"]",
      "instances": [
        {
          "index_key": 0,
          "schema_version": 2,
          "attributes": {
            "addons_config": [
              {
                "cloudrun_config": [],
                "config_connector_config": [],
                "dns_cache_config": [
                  {
                    "enabled": false
                  }
                ],
                "gce_persistent_disk_csi_driver_config": [
                  {
                    "enabled": true
                  }
                ],
                "gcp_filestore_csi_driver_config": [],
                "gcs_fuse_csi_driver_config": [],
                "gke_backup_agent_config": [],
                "horizontal_pod_autoscaling": [
                  {
                    "disabled": true
                  }
                ],
                "http_load_balancing": [
                  {
                    "disabled": false
                  }
                ],
                "network_policy_config": [
                  {
                    "disabled": true
                  }
                ],
                "ray_operator_config": [],
                "stateful_ha_config": []
              }
            ],
            "allow_net_admin": null,
            "authenticator_groups_config": [],
            "binary_authorization": [
              {
                "enabled": false,
                "evaluation_mode": ""
              }
            ],
            "cluster_autoscaling": [
              {
                "auto_provisioning_defaults": [],
                "auto_provisioning_locations": [],
                "autoscaling_profile": "BALANCED",
                "enabled": false,
                "resource_limits": []
              }
            ],
            "cluster_ipv4_cidr": "10.204.0.0/14",
            "confidential_nodes": [],
            "cost_management_config": [],
            "database_encryption": [
              {
                "key_name": "",
                "state": "DECRYPTED"
              }
            ],
            "datapath_provider": "",
            "default_max_pods_per_node": 110,
            "default_snat_status": [
              {
                "disabled": false
              }
            ],
            "deletion_protection": false,
            "description": "eds-devops-terraform-task-gke",
            "dns_config": [],
            "effective_labels": {
              "goog-terraform-provisioned": "true"
            },
            "enable_autopilot": false,
            "enable_cilium_clusterwide_network_policy": false,
            "enable_intranode_visibility": false,
            "enable_k8s_beta_apis": [],
            "enable_kubernetes_alpha": false,
            "enable_l4_ilb_subsetting": false,
            "enable_legacy_abac": false,
            "enable_multi_networking": false,
            "enable_shielded_nodes": true,
            "enable_tpu": false,
            "endpoint": "34.118.95.188",
            "fleet": [],
            "gateway_api_config": [],
            "id": "projects/edstem-task/locations/europe-central2/clusters/eds-devops-task-eds-gke",
            "identity_service_config": [],
            "initial_node_count": 0,
            "ip_allocation_policy": [
              {
                "additional_pod_ranges_config": [],
                "cluster_ipv4_cidr_block": "10.204.0.0/14",
                "cluster_secondary_range_name": "gke-eds-devops-task-eds-gke-pods-f61987c9",
                "pod_cidr_overprovision_config": [
                  {
                    "disabled": false
                  }
                ],
                "services_ipv4_cidr_block": "34.118.224.0/20",
                "services_secondary_range_name": "",
                "stack_type": "IPV4"
              }
            ],
            "label_fingerprint": "78cdf2f6",
            "location": "europe-central2",
            "logging_config": [
              {
                "enable_components": [
                  "SYSTEM_COMPONENTS",
                  "WORKLOADS"
                ]
              }
            ],
            "logging_service": "logging.googleapis.com/kubernetes",
            "maintenance_policy": [
              {
                "daily_maintenance_window": [],
                "maintenance_exclusion": [],
                "recurring_window": [
                  {
                    "end_time": "2034-09-08T01:00:00Z",
                    "recurrence": "FREQ=WEEKLY;BYDAY=SU",
                    "start_time": "2024-10-08T00:00:00Z"
                  }
                ]
              }
            ],
            "master_auth": [
              {
                "client_certificate": "",
                "client_certificate_config": [
                  {
                    "issue_client_certificate": false
                  }
                ],
                "client_key": "",
                "cluster_ca_certificate": "LS0tLS1CRUdJTiBDRVJUSUZJQ0FURS0tLS0tCk1JSUVMRENDQXBTZ0F3SUJBZ0lRZXZZbFFQTUcwVWZxeDd4K3I3bkNRVEFOQmdrcWhraUc5dzBCQVFzRkFEQXYKTVMwd0t3WURWUVFERXlRek1UQTVNVFE1TlMxbE0yTTNMVFJrWmprdFlUYzVNQzB6TVRJMlpEZzJNR1EzTWpFdwpJQmNOTWpReE1UTXdNVGcxTnpFeldoZ1BNakExTkRFeE1qTXhPVFUzTVROYU1DOHhMVEFyQmdOVkJBTVRKRE14Ck1Ea3hORGsxTFdVell6Y3ROR1JtT1MxaE56a3dMVE14TWpaa09EWXdaRGN5TVRDQ0FhSXdEUVlKS29aSWh2Y04KQVFFQkJRQURnZ0dQQURDQ0FZb0NnZ0dCQU9MVW1aMDNSMi9IUDVrSVc1eTlqcnV2VFJ4cXhNU01ERkJyWDNtdApDcW5UTHkrL25jRFNvenZDSFF4VGVqbTg4clcvMEd1Z2MvckRhOUVqSXArRDRPWVdEWStpbmJsakJYYmYvSndMCkR4RlJjM1hwSVdDc21pWXFuSlhSVEFQd0lxY0FiZmxZbmRJbjM3ZWpvRlA5N2pLR0lHR3F1OEQ3MEs2QzZ1NWgKc3A0ZkY3Q25MSkFzelFkblltSmlFR1llcTR6Kzl1RnA3TDV0cmJCV0pDNUh2dTd1VXYwZ1NTeW9jdWcyQVZXcwpmZnhYQndTaU5JMGVnL05iY1pGRm5haExFY0hjMC9QdWZYVW9ORmlkZE8zTCtXZW5sT2FLTERPTGE2SUQyY2dVCmNxNkxwVG55enBwUXBkak1ib2owcmxLYU1JTk9uTDZ6VFp1SzF0TmtMdU5jSXdhRHFXYldHdHJzNVlxQnBmMTYKcWc1WWpOdGpBdHhBUC9McVA0Q2ZHSDZxS3ExR2xiUmc2ODBqRmdKOHhoK3FkemQ5OEVyS0ZvaWt2WDROY1RlNApQV3lGeFFWajN1eFEyYW5nclpBanFNalc5WFZlWTcyNnd2ek9VaWd1TTAyMHFENkpqNEU4WE4xR1FyWXJoUnNvCjZzTEdOZHpLMXFDTmdUR1BYUTF5ODM0RHdRSURBUUFCbzBJd1FEQU9CZ05WSFE4QkFmOEVCQU1DQWdRd0R3WUQKVlIwVEFRSC9CQVV3QXdFQi96QWRCZ05WSFE0RUZnUVVqcDNXN2VBZTcrNzMweG1YZitVbzZiak5MYWN3RFFZSgpLb1pJaHZjTkFRRUxCUUFEZ2dHQkFKM0EzM1NDRFNodjBteEM2VkM5a3RFRkpxallYK1NLeTV2NEpOaVkrU1pnCm9CNEFvZitmYXNaUUQxMjVPM1EyUklIcFVsQ01KVEJHUUJNbnhUajZ5dVVOVmQ3QWE1NlgvdDBUQ1Jpc0VqWmoKMUI3RFVEdE9ZeHN1S09wMUpRSFBsQ1AxUHg3Q3NqeFk5bHlqc2FTSWI1T3U4cTNoekJsU2JvZzU2T0ZqaVpRcwpZcjRUMjNXVmRFRnAxOVlhWWkwTlN3YmM3SUdtRjNWcFE5RCtZelo4Ynp5WnBXQUtTcUdlS2NleGExYnFZanN1CjZheWpnNjF5UWJzQUlSWlJnNG1IcHM1SVQ3ekEwTFRKdkZ5NXJOTXQzWXJVR1I4TUR5NmZnaDF2TTNFTTZQdTYKNVZxUVVCdEIyZ21ZNE1BUmJVWVgwY2I3VnVQZlZHY2t2WFhjUWdsb3ljTGRpU09LZDQ0RzRmdHNveUgyQUVTNApnODliYWRLOHZhbnBaSWNaNjVlb2lESmJ5Z0N3Sk9XTW5YVmtyNlZDZ3Bac3lGeHUzRUwwbUpOMXRJNkVvUHVICnVESHE1Q3ZyeGY4WEtuRmltcEtKRFNLa2g2K25mcXpBcUs3TU9JeU95NXoxOWFmOFRKWkM3S1lqcFc4a0hWSTEKaGhMYWF1WTFVdE4zQWFQajJQS295UT09Ci0tLS0tRU5EIENFUlRJRklDQVRFLS0tLS0K"
              }
            ],
            "master_authorized_networks_config": [
              {
                "cidr_blocks": [
                  {
                    "cidr_block": "0.0.0.0/0",
                    "display_name": "global"
                  }
                ],
                "gcp_public_cidrs_access_enabled": false
              }
            ],
            "master_version": "1.30.5-gke.1699000",
            "mesh_certificates": [],
            "min_master_version": "1.30.5-gke.1699000",
            "monitoring_config": [
              {
                "advanced_datapath_observability_config": [
                  {
                    "enable_metrics": false,
                    "enable_relay": false
                  }
                ],
                "enable_components": [
                  "SYSTEM_COMPONENTS",
                  "DAEMONSET",
                  "DEPLOYMENT",
                  "STATEFULSET",
                  "STORAGE",
                  "HPA",
                  "POD",
                  "CADVISOR",
                  "KUBELET"
                ],
                "managed_prometheus": [
                  {
                    "enabled": true
                  }
                ]
              }
            ],
            "monitoring_service": "monitoring.googleapis.com/kubernetes",
            "name": "eds-devops-task-eds-gke",
            "network": "projects/edstem-task/global/networks/eds-devops-task-vpc",
            "network_policy": [
              {
                "enabled": false,
                "provider": "PROVIDER_UNSPECIFIED"
              }
            ],
            "networking_mode": "VPC_NATIVE",
            "node_config": [
              {
                "advanced_machine_features": [],
                "boot_disk_kms_key": "",
                "confidential_nodes": [],
                "containerd_config": [],
                "disk_size_gb": 20,
                "disk_type": "pd-standard",
                "effective_taints": [],
                "enable_confidential_storage": false,
                "ephemeral_storage_local_ssd_config": [],
                "fast_socket": [],
                "gcfs_config": [],
                "guest_accelerator": [],
                "gvnic": [],
                "host_maintenance_policy": [],
                "image_type": "COS_CONTAINERD",
                "kubelet_config": [],
                "labels": {},
                "linux_node_config": [],
                "local_nvme_ssd_block_config": [],
                "local_ssd_count": 0,
                "logging_variant": "DEFAULT",
                "machine_type": "e2-medium",
                "metadata": {
                  "disable-legacy-endpoints": "true",
                  "eds-tag": "12345"
                },
                "min_cpu_platform": "",
                "node_group": "",
                "oauth_scopes": [
                  "https://www.googleapis.com/auth/cloud-platform",
                  "https://www.googleapis.com/auth/userinfo.email"
                ],
                "preemptible": false,
                "reservation_affinity": [],
                "resource_labels": {},
                "resource_manager_tags": {},
                "secondary_boot_disks": [],
                "service_account": "edstem-terrafrom@edstem-task.iam.gserviceaccount.com",
                "shielded_instance_config": [
                  {
                    "enable_integrity_monitoring": true,
                    "enable_secure_boot": false
                  }
                ],
                "sole_tenant_config": [],
                "spot": false,
                "storage_pools": [],
                "tags": [
                  "eds-devops-gke"
                ],
                "taint": [],
                "workload_metadata_config": []
              }
            ],
            "node_locations": [
              "europe-central2-a",
              "europe-central2-b",
              "europe-central2-c"
            ],
            "node_pool": [
              {
                "autoscaling": [
                  {
                    "location_policy": "BALANCED",
                    "max_node_count": 3,
                    "min_node_count": 1,
                    "total_max_node_count": 0,
                    "total_min_node_count": 0
                  }
                ],
                "initial_node_count": 1,
                "instance_group_urls": [
                  "https://www.googleapis.com/compute/v1/projects/edstem-task/zones/europe-central2-a/instanceGroupManagers/gke-eds-devops-task-eds--default-pool-689956ff-grp",
                  "https://www.googleapis.com/compute/v1/projects/edstem-task/zones/europe-central2-b/instanceGroupManagers/gke-eds-devops-task-eds--default-pool-ddaf6997-grp",
                  "https://www.googleapis.com/compute/v1/projects/edstem-task/zones/europe-central2-c/instanceGroupManagers/gke-eds-devops-task-eds--default-pool-551272cf-grp"
                ],
                "managed_instance_group_urls": [
                  "https://www.googleapis.com/compute/v1/projects/edstem-task/zones/europe-central2-a/instanceGroups/gke-eds-devops-task-eds--default-pool-689956ff-grp",
                  "https://www.googleapis.com/compute/v1/projects/edstem-task/zones/europe-central2-b/instanceGroups/gke-eds-devops-task-eds--default-pool-ddaf6997-grp",
                  "https://www.googleapis.com/compute/v1/projects/edstem-task/zones/europe-central2-c/instanceGroups/gke-eds-devops-task-eds--default-pool-551272cf-grp"
                ],
                "management": [
                  {
                    "auto_repair": true,
                    "auto_upgrade": true
                  }
                ],
                "max_pods_per_node": 30,
                "name": "default-pool",
                "name_prefix": "",
                "network_config": [
                  {
                    "additional_node_network_configs": [],
                    "additional_pod_network_configs": [],
                    "create_pod_range": false,
                    "enable_private_nodes": true,
                    "network_performance_config": [],
                    "pod_cidr_overprovision_config": [],
                    "pod_ipv4_cidr_block": "10.204.0.0/14",
                    "pod_range": "gke-eds-devops-task-eds-gke-pods-f61987c9"
                  }
                ],
                "node_config": [
                  {
                    "advanced_machine_features": [],
                    "boot_disk_kms_key": "",
                    "confidential_nodes": [],
                    "containerd_config": [],
                    "disk_size_gb": 20,
                    "disk_type": "pd-standard",
                    "effective_taints": [],
                    "enable_confidential_storage": false,
                    "ephemeral_storage_local_ssd_config": [],
                    "fast_socket": [],
                    "gcfs_config": [],
                    "guest_accelerator": [],
                    "gvnic": [],
                    "host_maintenance_policy": [],
                    "image_type": "COS_CONTAINERD",
                    "kubelet_config": [],
                    "labels": {},
                    "linux_node_config": [],
                    "local_nvme_ssd_block_config": [],
                    "local_ssd_count": 0,
                    "logging_variant": "DEFAULT",
                    "machine_type": "e2-medium",
                    "metadata": {
                      "disable-legacy-endpoints": "true",
                      "eds-tag": "12345"
                    },
                    "min_cpu_platform": "",
                    "node_group": "",
                    "oauth_scopes": [
                      "https://www.googleapis.com/auth/cloud-platform",
                      "https://www.googleapis.com/auth/userinfo.email"
                    ],
                    "preemptible": false,
                    "reservation_affinity": [],
                    "resource_labels": null,
                    "resource_manager_tags": null,
                    "secondary_boot_disks": [],
                    "service_account": "edstem-terrafrom@edstem-task.iam.gserviceaccount.com",
                    "shielded_instance_config": [
                      {
                        "enable_integrity_monitoring": true,
                        "enable_secure_boot": false
                      }
                    ],
                    "sole_tenant_config": [],
                    "spot": false,
                    "storage_pools": null,
                    "tags": [
                      "eds-devops-gke"
                    ],
                    "taint": [],
                    "workload_metadata_config": []
                  }
                ],
                "node_count": 1,
                "node_locations": [
                  "europe-central2-a",
                  "europe-central2-b",
                  "europe-central2-c"
                ],
                "placement_policy": [],
                "queued_provisioning": [],
                "upgrade_settings": [
                  {
                    "blue_green_settings": [],
                    "max_surge": 1,
                    "max_unavailable": 0,
                    "strategy": "SURGE"
                  }
                ],
                "version": "1.30.5-gke.1699000"
              }
            ],
            "node_pool_auto_config": [],
            "node_pool_defaults": [
              {
                "node_config_defaults": [
                  {
                    "containerd_config": [],
                    "gcfs_config": [],
                    "insecure_kubelet_readonly_port_enabled": "FALSE",
                    "logging_variant": "DEFAULT"
                  }
                ]
              }
            ],
            "node_version": "1.30.5-gke.1699000",
            "notification_config": [
              {
                "pubsub": [
                  {
                    "enabled": false,
                    "filter": [],
                    "topic": ""
                  }
                ]
              }
            ],
            "operation": null,
            "private_cluster_config": [
              {
                "enable_private_endpoint": false,
                "enable_private_nodes": true,
                "master_global_access_config": [
                  {
                    "enabled": true
                  }
                ],
                "master_ipv4_cidr_block": "192.168.0.0/28",
                "peering_name": "",
                "private_endpoint": "192.168.0.2",
                "private_endpoint_subnetwork": "",
                "public_endpoint": "34.118.95.188"
              }
            ],
            "private_ipv6_google_access": "",
            "project": "edstem-task",
            "release_channel": [
              {
                "channel": "REGULAR"
              }
            ],
            "remove_default_node_pool": null,
            "resource_labels": null,
            "resource_usage_export_config": [],
            "secret_manager_config": [
              {
                "enabled": false
              }
            ],
            "security_posture_config": [
              {
                "mode": "BASIC",
                "vulnerability_mode": "VULNERABILITY_MODE_UNSPECIFIED"
              }
            ],
            "self_link": "https://container.googleapis.com/v1/projects/edstem-task/locations/europe-central2/clusters/eds-devops-task-eds-gke",
            "service_external_ips_config": [
              {
                "enabled": false
              }
            ],
            "services_ipv4_cidr": "34.118.224.0/20",
            "subnetwork": "projects/edstem-task/regions/europe-central2/subnetworks/eds-devops-task-subnet-01",
            "terraform_labels": {
              "goog-terraform-provisioned": "true"
            },
            "timeouts": null,
            "tpu_ipv4_cidr_block": "",
            "vertical_pod_autoscaling": [],
            "workload_identity_config": []
          },
          "sensitive_attributes": [
            [
              {
                "type": "get_attr",
                "value": "master_auth"
              },
              {
                "type": "index",
                "value": {
                  "value": 0,
                  "type": "number"
                }
              },
              {
                "type": "get_attr",
                "value": "client_key"
              }
            ]
          ],
          "private": "eyJlMmJmYjczMC1lY2FhLTExZTYtOGY4OC0zNDM2M2JjN2M0YzAiOnsiY3JlYXRlIjoyNDAwMDAwMDAwMDAwLCJkZWxldGUiOjI0MDAwMDAwMDAwMDAsInJlYWQiOjI0MDAwMDAwMDAwMDAsInVwZGF0ZSI6MzYwMDAwMDAwMDAwMH0sInNjaGVtYV92ZXJzaW9uIjoiMiJ9",
          "dependencies": [
            "module.custom_networking.google_compute_firewall.firewalls",
            "module.custom_networking.google_compute_network.custom_vpc",
            "module.custom_networking.google_compute_router.route_table",
            "module.custom_networking.google_compute_router_nat.nat_gateway",
            "module.custom_networking.google_compute_subnetwork.subnets",
            "module.gke_roles_sa_bindings_tfvars.google_project_iam_member.service_account_roles",
            "module.service_accounts_tfvars.google_service_account.service_accounts_tfvars"
          ]
        }
      ]
    },
    {
      "module": "module.service_accounts_tfvars",
      "mode": "managed",
      "type": "google_service_account",
      "name": "service_accounts_tfvars",
      "provider": "provider[\"registry.terraform.io/hashicorp/google\"]",
      "instances": [
        {
          "index_key": 0,
          "schema_version": 0,
          "attributes": {
            "account_id": "edstem-terrafrom",
            "create_ignore_already_exists": true,
            "description": "",
            "disabled": false,
            "display_name": "service account for kubnetes cluster",
            "email": "edstem-terrafrom@edstem-task.iam.gserviceaccount.com",
            "id": "projects/edstem-task/serviceAccounts/edstem-terrafrom@edstem-task.iam.gserviceaccount.com",
            "member": "serviceAccount:edstem-terrafrom@edstem-task.iam.gserviceaccount.com",
            "name": "projects/edstem-task/serviceAccounts/edstem-terrafrom@edstem-task.iam.gserviceaccount.com",
            "project": "edstem-task",
            "timeouts": null,
            "unique_id": "101841664844733419647"
          },
          "sensitive_attributes": [],
          "private": "eyJlMmJmYjczMC1lY2FhLTExZTYtOGY4OC0zNDM2M2JjN2M0YzAiOnsiY3JlYXRlIjozMDAwMDAwMDAwMDB9fQ=="
        }
      ]
    }
  ],
  "check_results": null
}
